
Microsoft Visual Studio Solution File, Format Version 12.00
# Visual Studio Version 17
VisualStudioVersion = 17.2.32519.379
MinimumVisualStudioVersion = 10.0.40219.1
Project("{FAE04EC0-301F-11D3-BF4B-00C04F79EFBC}") = "Net6_EF_Repository", "Net6_EF_Repository\Net6_EF_Repository.csproj", "{D03FF72D-F79E-4CE2-82D4-F253FCE01197}"
EndProject
Global
	GlobalSection(SolutionConfigurationPlatforms) = preSolution
		Debug|Any CPU = Debug|Any CPU
		Release|Any CPU = Release|Any CPU
	EndGlobalSection
	GlobalSection(ProjectConfigurationPlatforms) = postSolution
		{D03FF72D-F79E-4CE2-82D4-F253FCE01197}.Debug|Any CPU.ActiveCfg = Debug|Any CPU
		{D03FF72D-F79E-4CE2-82D4-F253FCE01197}.Debug|Any CPU.Build.0 = Debug|Any CPU
		{D03FF72D-F79E-4CE2-82D4-F253FCE01197}.Release|Any CPU.ActiveCfg = Release|Any CPU
		{D03FF72D-F79E-4CE2-82D4-F253FCE01197}.Release|Any CPU.Build.0 = Release|Any CPU
	EndGlobalSection
	GlobalSection(SolutionProperties) = preSolution
		HideSolutionNode = FALSE
	EndGlobalSection
	GlobalSection(ExtensibilityGlobals) = postSolution
		SolutionGuid = {E156CE4D-046B-4785-89A2-2D87132157FD}
	EndGlobalSection
EndGlobal
